
Microsoft Visual Studio Solution File, Format Version 12.00
# Visual Studio Version 17
VisualStudioVersion = 17.8.34330.188
MinimumVisualStudioVersion = 10.0.40219.1
Project("{FAE04EC0-301F-11D3-BF4B-00C04F79EFBC}") = "mrTester", "mrTester\mrTester.csproj", "{E2CB7725-E99D-4F45-9F6A-DF1707E06F91}"
EndProject
Project("{FAE04EC0-301F-11D3-BF4B-00C04F79EFBC}") = "mrtestMSTest", "mrtestMSTest\mrtestMSTest.csproj", "{5D07343B-0DD7-49C7-B691-DD709DF766AE}"
EndProject
Global
	GlobalSection(SolutionConfigurationPlatforms) = preSolution
		Debug|Any CPU = Debug|Any CPU
		Release|Any CPU = Release|Any CPU
	EndGlobalSection
	GlobalSection(ProjectConfigurationPlatforms) = postSolution
		{E2CB7725-E99D-4F45-9F6A-DF1707E06F91}.Debug|Any CPU.ActiveCfg = Debug|Any CPU
		{E2CB7725-E99D-4F45-9F6A-DF1707E06F91}.Debug|Any CPU.Build.0 = Debug|Any CPU
		{E2CB7725-E99D-4F45-9F6A-DF1707E06F91}.Release|Any CPU.ActiveCfg = Release|Any CPU
		{E2CB7725-E99D-4F45-9F6A-DF1707E06F91}.Release|Any CPU.Build.0 = Release|Any CPU
		{5D07343B-0DD7-49C7-B691-DD709DF766AE}.Debug|Any CPU.ActiveCfg = Debug|Any CPU
		{5D07343B-0DD7-49C7-B691-DD709DF766AE}.Debug|Any CPU.Build.0 = Debug|Any CPU
		{5D07343B-0DD7-49C7-B691-DD709DF766AE}.Release|Any CPU.ActiveCfg = Release|Any CPU
		{5D07343B-0DD7-49C7-B691-DD709DF766AE}.Release|Any CPU.Build.0 = Release|Any CPU
	EndGlobalSection
	GlobalSection(SolutionProperties) = preSolution
		HideSolutionNode = FALSE
	EndGlobalSection
	GlobalSection(ExtensibilityGlobals) = postSolution
		SolutionGuid = {8A190710-1611-46D8-8EEC-4444D648CDE9}
	EndGlobalSection
EndGlobal
